
Microsoft Visual Studio Solution File, Format Version 12.00
# Visual Studio Version 17
VisualStudioVersion = 17.3.32901.215
MinimumVisualStudioVersion = 10.0.40219.1
Project("{9A19103F-16F7-4668-BE54-9A1E7A4F7556}") = "BusinessObject", "BusinessObject\BusinessObject.csproj", "{4A30E506-BCE0-4A6F-9AAA-FA6F7A9AC907}"
EndProject
Project("{9A19103F-16F7-4668-BE54-9A1E7A4F7556}") = "DataAccess", "DataAccess\DataAccess.csproj", "{ED7AE48A-4B15-43AB-8D3E-F8A5822E559D}"
EndProject
Project("{FAE04EC0-301F-11D3-BF4B-00C04F79EFBC}") = "ToDoListApp", "ToDoListApp\ToDoListApp.csproj", "{96707FE0-3567-4F25-9330-60EF983D6A26}"
EndProject
Global
	GlobalSection(SolutionConfigurationPlatforms) = preSolution
		Debug|Any CPU = Debug|Any CPU
		Release|Any CPU = Release|Any CPU
	EndGlobalSection
	GlobalSection(ProjectConfigurationPlatforms) = postSolution
		{4A30E506-BCE0-4A6F-9AAA-FA6F7A9AC907}.Debug|Any CPU.ActiveCfg = Debug|Any CPU
		{4A30E506-BCE0-4A6F-9AAA-FA6F7A9AC907}.Debug|Any CPU.Build.0 = Debug|Any CPU
		{4A30E506-BCE0-4A6F-9AAA-FA6F7A9AC907}.Release|Any CPU.ActiveCfg = Release|Any CPU
		{4A30E506-BCE0-4A6F-9AAA-FA6F7A9AC907}.Release|Any CPU.Build.0 = Release|Any CPU
		{ED7AE48A-4B15-43AB-8D3E-F8A5822E559D}.Debug|Any CPU.ActiveCfg = Debug|Any CPU
		{ED7AE48A-4B15-43AB-8D3E-F8A5822E559D}.Debug|Any CPU.Build.0 = Debug|Any CPU
		{ED7AE48A-4B15-43AB-8D3E-F8A5822E559D}.Release|Any CPU.ActiveCfg = Release|Any CPU
		{ED7AE48A-4B15-43AB-8D3E-F8A5822E559D}.Release|Any CPU.Build.0 = Release|Any CPU
		{96707FE0-3567-4F25-9330-60EF983D6A26}.Debug|Any CPU.ActiveCfg = Debug|Any CPU
		{96707FE0-3567-4F25-9330-60EF983D6A26}.Debug|Any CPU.Build.0 = Debug|Any CPU
		{96707FE0-3567-4F25-9330-60EF983D6A26}.Release|Any CPU.ActiveCfg = Release|Any CPU
		{96707FE0-3567-4F25-9330-60EF983D6A26}.Release|Any CPU.Build.0 = Release|Any CPU
	EndGlobalSection
	GlobalSection(SolutionProperties) = preSolution
		HideSolutionNode = FALSE
	EndGlobalSection
	GlobalSection(ExtensibilityGlobals) = postSolution
		SolutionGuid = {35CFC5FF-3045-41FB-9053-AA26EE7262E1}
	EndGlobalSection
EndGlobal
